{
  "version": 1,
  "dependencies": {
    "net10.0": {
      "Azure.Monitor.OpenTelemetry.Exporter": {
        "type": "Direct",
        "requested": "[1.9.0, )",
        "resolved": "1.9.0",
        "contentHash": "gXe64QuF30HQkuo1B+FqsekN9coca1vcFKDWCgioo39Hb5Yc0lMS6g8OAa7rGBIssQBoaQQAxIM6Dn4pJbXz+g==",
        "dependencies": {
          "Azure.Core": "1.62.0",
          "OpenTelemetry.Extensions.Hosting": "1.18.0",
          "OpenTelemetry.PersistentStorage.FileSystem": "1.1.1"
        }
      },
      "Microsoft.Extensions.StaticAnalysis": {
        "type": "Direct",
        "requested": "[10.10.0, )",
        "resolved": "10.10.0",
        "contentHash": "MnUBTyalxH+t/6n/Kt6nuYGVFfJY9eGtBZ5P2gQNx2yRtPCec/jeiN+PCm16zpl+q3mdf/xEqoO/J3KBioMRCQ==",
        "dependencies": {
          "Microsoft.VisualStudio.Threading.Analyzers": "17.14.15",
          "SonarAnalyzer.CSharp": "10.16.0.128591"
        }
      },
      "Microsoft.PowerPlatform.Dataverse.Client": {
        "type": "Direct",
        "requested": "[1.2.27, )",
        "resolved": "1.2.27",
        "contentHash": "GQ2jWDGvZ4OIoDdCCpgNU7wc095BJ4Pjdi2vWjif+mJ3KPvzDPAx1WR/m7e33dr45fk3JtjMm2vc2TB8/NH2YA==",
        "dependencies": {
          "Microsoft.Extensions.Caching.Memory": "3.1.9",
          "Microsoft.Extensions.DependencyInjection": "3.1.9",
          "Microsoft.Extensions.Http": "3.1.9",
          "Microsoft.Extensions.Logging": "3.1.9",
          "Microsoft.Identity.Client": "4.84.2",
          "Microsoft.Identity.Client.Extensions.Msal": "4.84.2",
          "Newtonsoft.Json": "13.0.1",
          "System.Configuration.ConfigurationManager": "6.0.0",
          "System.Reflection.TypeExtensions": "4.7.0",
          "System.Runtime.Caching": "4.7.0",
          "System.Security.Permissions": "6.0.0",
          "System.ServiceModel.Http": "8.1.2",
          "System.ServiceModel.Primitives": "8.1.2"
        }
      },
      "Microsoft.SourceLink.GitHub": {
        "type": "Direct",
        "requested": "[10.0.401, )",
        "resolved": "10.0.401",
        "contentHash": "LGmlwgP1Cx37JEWzyjS0o1/+xs/s/e3E2TBSuogI5ePA/9L0pfIfeYX0k5in7Bfcw8Nn2y2sG9jXxydTjiR2Fg==",
        "dependencies": {
          "Microsoft.Build.Tasks.Git": "10.0.401",
          "Microsoft.SourceLink.Common": "10.0.401",
          "System.IO.Hashing": "10.0.12"
        }
      },
      "NuGet.Protocol": {
        "type": "Direct",
        "requested": "[7.9.0, )",
        "resolved": "7.9.0",
        "contentHash": "Ts0qPUGJYfFHhlNSSWWrkaSG6++WqS6ry32WmQA7eNdzTc9SumyhDflITcusBYkT6pEQD5BI1UEByakciV3s0A==",
        "dependencies": {
          "NuGet.Packaging": "7.9.0"
        }
      },
      "OpenTelemetry": {
        "type": "Direct",
        "requested": "[1.19.1, )",
        "resolved": "1.19.1",
        "contentHash": "6ywhc3upf+dq8EsOohj7I7zS3l4yX9vfbtFkvyEC8xIUY4Z9iDIOVuke356eCAzIZaWtmwmmyl2UXYCp5n7I3Q==",
        "dependencies": {
          "Microsoft.Extensions.Configuration.EnvironmentVariables": "10.0.0",
          "Microsoft.Extensions.Diagnostics.Abstractions": "10.0.0",
          "Microsoft.Extensions.Logging.Configuration": "10.0.0",
          "OpenTelemetry.Api.ProviderBuilderExtensions": "1.19.1"
        }
      },
      "Spectre.Console.Cli": {
        "type": "Direct",
        "requested": "[0.57.2, )",
        "resolved": "0.57.2",
        "contentHash": "EAiwpJXAAvhyyzH6hljVo7z19ahG7WM+zViKEHtUagyPymYfJrsainXDOHzUakBHj6VYEpuaqPAShgqvs1N9aQ==",
        "dependencies": {
          "Spectre.Console": "0.57.2"
        }
      },
      "Azure.Core": {
        "type": "Transitive",
        "resolved": "1.62.0",
        "contentHash": "C0ijs91ZW2uhF/VwGLXeayb+RwTWhDxKnrsmqPWg5HkYtPQ93mzaydyMCjAzE0AG5yHc1bpaPc+NPlZUgz3w8g==",
        "dependencies": {
          "Microsoft.Bcl.AsyncInterfaces": "10.0.10",
          "Microsoft.Extensions.Configuration.Abstractions": "10.0.10",
          "Microsoft.Extensions.Hosting.Abstractions": "10.0.10",
          "Microsoft.Identity.Client": "4.84.2",
          "Microsoft.Identity.Client.Extensions.Msal": "4.84.2",
          "System.ClientModel": "1.15.0",
          "System.Memory.Data": "10.0.10"
        }
      },
      "Azure.Identity": {
        "type": "Transitive",
        "resolved": "1.21.0",
        "contentHash": "GeFv8sGwRKvDKwI2WFy8r0mhmlxEVZg24Sit2NogTjiSO8RVjllWM65OT6e1sKjOvG8V74y7hAbaELUUPjZQSw==",
        "dependencies": {
          "Azure.Core": "1.53.0"
        }
      },
      "CsvHelper": {
        "type": "Transitive",
        "resolved": "33.1.0",
        "contentHash": "kqfTOZGrn7NarNeXgjh86JcpTHUoeQDMB8t9NVa/ZtlSYiV1rxfRnQ49WaJsob4AiGrbK0XDzpyKkBwai4F8eg=="
      },
      "DocumentFormat.OpenXml": {
        "type": "Transitive",
        "resolved": "3.5.1",
        "contentHash": "zxdOf5VVCe/uNklbRhj8dVBzQGj3DoqkUuqOp9cAZVuN8mNYDjof1lvSQA2OQNr8Ptc9d7pbA7Azq/ReaI3FpA==",
        "dependencies": {
          "DocumentFormat.OpenXml.Framework": "3.5.1"
        }
      },
      "DocumentFormat.OpenXml.Framework": {
        "type": "Transitive",
        "resolved": "3.5.1",
        "contentHash": "U5txtc3ORno73xQx9Lf2gWzfaSZnZwKHfLkTAslhlew9lxe5XbUiCt0dY1fHeAf8yRqszUAe5i/+xLC9R/Xfsw==",
        "dependencies": {
          "System.IO.Packaging": "10.0.2"
        }
      },
      "Fluid.Core": {
        "type": "Transitive",
        "resolved": "2.40.0",
        "contentHash": "bBI5NejSVAU4Ug1eSodIZXUfjtOWpSUC5pXxMW1jfdKZn3LgLZuVtBDpidl7odaVQL4oGE9nili+JFfs5q6BYQ==",
        "dependencies": {
          "Microsoft.Extensions.FileProviders.Abstractions": "10.0.0",
          "Parlot": "1.5.2",
          "TimeZoneConverter": "7.2.0"
        }
      },
      "Microsoft.Bcl.AsyncInterfaces": {
        "type": "Transitive",
        "resolved": "10.0.10",
        "contentHash": "TFI6OKYE1XZz4SGuTSH70c6SBdPpFktXsoa1gCxTr3mKrhmXirnvaS0tKz+J3ZWICEAmMpEGn59nO4ICtUpQXA=="
      },
      "Microsoft.Build.Tasks.Git": {
        "type": "Transitive",
        "resolved": "10.0.401",
        "contentHash": "ZYctNuT10V9IYyCFydy63DXx0ggZQuynuzQOdLvW62dPgzjIz7f0ISEP75RGiq1jFQh8p6TmGSqxeQZQ87LCig==",
        "dependencies": {
          "System.IO.Hashing": "10.0.12"
        }
      },
      "Microsoft.Diagnostics.Tracing.EventRegister": {
        "type": "Transitive",
        "resolved": "1.1.28",
        "contentHash": "VXTPYySeOmpMFejW2t4uau3t5h92LYKT9zM3kR06qeUNM9vQxG3S5nB6EhuKyf+F7Ze92Y6614MvjkxH14NJkQ=="
      },
      "Microsoft.Diagnostics.Tracing.TraceEvent": {
        "type": "Transitive",
        "resolved": "3.1.3",
        "contentHash": "0i45LzMkHfWKcDZxzyGbE0TiRVRNvr8k+Snrgf1OT/8txwBi6opm3G8rCB7OAM6G4m61Jzd+ZaJ6YAyRGlE9TQ=="
      },
      "Microsoft.Extensions.Caching.Abstractions": {
        "type": "Transitive",
        "resolved": "3.1.9",
        "contentHash": "/2QsPAsUZD4qvftZkUKHRRRryPDXWh606/iNXPLrulwHLMr9JNsKBJWVqylT3qU92nJok5VoqSblkY9mSyxFyg==",
        "dependencies": {
          "Microsoft.Extensions.Primitives": "3.1.9"
        }
      },
      "Microsoft.Extensions.Caching.Memory": {
        "type": "Transitive",
        "resolved": "3.1.9",
        "contentHash": "/JrVMVetX/kpJQUIlJ6NLQ3zbF0yyryXpo4+uFCqYIUZzgmWk8DS/zSKcyj1tQ3410+vhDEAPngxC+hg0IlJeg==",
        "dependencies": {
          "Microsoft.Extensions.Caching.Abstractions": "3.1.9",
          "Microsoft.Extensions.DependencyInjection.Abstractions": "3.1.9",
          "Microsoft.Extensions.Logging.Abstractions": "3.1.9",
          "Microsoft.Extensions.Options": "3.1.9"
        }
      },
      "Microsoft.Extensions.Configuration": {
        "type": "Transitive",
        "resolved": "10.0.0",
        "contentHash": "H4SWETCh/cC5L1WtWchHR6LntGk3rDTTznZMssr4cL8IbDmMWBxY+MOGDc/ASnqNolLKPIWHWeuC1ddiL/iNPw==",
        "dependencies": {
          "Microsoft.Extensions.Configuration.Abstractions": "10.0.0",
          "Microsoft.Extensions.Primitives": "10.0.0"
        }
      },
      "Microsoft.Extensions.Configuration.Abstractions": {
        "type": "Transitive",
        "resolved": "10.0.10",
        "contentHash": "5Vnd2I75DmZCVEjSynIdJ/0EGafgnLQwgR3t2C2/fkjx/nRG+cLwxLLdInoHeCEpkD5K4Ov/g9ZCRYrl4TRsaA==",
        "dependencies": {
          "Microsoft.Extensions.Primitives": "10.0.10"
        }
      },
      "Microsoft.Extensions.Configuration.Binder": {
        "type": "Transitive",
        "resolved": "10.0.0",
        "contentHash": "tMF9wNh+hlyYDWB8mrFCQHQmWHlRosol1b/N2Jrefy1bFLnuTlgSYmPyHNmz8xVQgs7DpXytBRWxGhG+mSTp0g==",
        "dependencies": {
          "Microsoft.Extensions.Configuration": "10.0.0",
          "Microsoft.Extensions.Configuration.Abstractions": "10.0.0"
        }
      },
      "Microsoft.Extensions.Configuration.EnvironmentVariables": {
        "type": "Transitive",
        "resolved": "10.0.0",
        "contentHash": "TmFegsI/uCdwMBD4yKpmO+OkjVNHQL49Dh/ep83NI5rPUEoBK9OdsJo1zURc1A2FuS/R/Pos3wsTjlyLnguBLA==",
        "dependencies": {
          "Microsoft.Extensions.Configuration": "10.0.0",
          "Microsoft.Extensions.Configuration.Abstractions": "10.0.0"
        }
      },
      "Microsoft.Extensions.DependencyInjection": {
        "type": "Transitive",
        "resolved": "10.0.0",
        "contentHash": "f0RBabswJq+gRu5a+hWIobrLWiUYPKMhCD9WO3sYBAdSy3FFH14LMvLVFZc2kPSCimBLxSuitUhsd6tb0TAY6A==",
        "dependencies": {
          "Microsoft.Extensions.DependencyInjection.Abstractions": "10.0.0"
        }
      },
      "Microsoft.Extensions.DependencyInjection.Abstractions": {
        "type": "Transitive",
        "resolved": "10.0.12",
        "contentHash": "9/qymSh7hVDMGTGwrLz8MRp5zRyXy9adGDOs4HwRdnLil3oZGYuWeZjbmHgCQ9BL1qBroVfgUK3U/nb61617Cw=="
      },
      "Microsoft.Extensions.Diagnostics.Abstractions": {
        "type": "Transitive",
        "resolved": "10.0.10",
        "contentHash": "9uWiKpeOVac355STyChWR/pliFX/5CeLqChW9kKsaxyDH4EUTZxMkT4Jwp/J/peLm0GBFmSX5c0WCse3yCnq1Q==",
        "dependencies": {
          "Microsoft.Extensions.DependencyInjection.Abstractions": "10.0.10",
          "Microsoft.Extensions.Options": "10.0.10"
        }
      },
      "Microsoft.Extensions.FileProviders.Abstractions": {
        "type": "Transitive",
        "resolved": "10.0.10",
        "contentHash": "c5zqFCY9DiIpMovLd7/d/CTiEtrMOuQ639dhv3PABtKQIKNQikSHwQt8+N679uii9q+B55lgK28Uv64FOwEu8w==",
        "dependencies": {
          "Microsoft.Extensions.Primitives": "10.0.10"
        }
      },
      "Microsoft.Extensions.Hosting.Abstractions": {
        "type": "Transitive",
        "resolved": "10.0.10",
        "contentHash": "5LugpYGHk+mkn0a8IZgcyfBca8PCTAU9RQFoMrTdtOOidq88M2SI5f3px6ugnzgxC+eTkvYYJi8pzlUnG5xdAQ==",
        "dependencies": {
          "Microsoft.Extensions.Configuration.Abstractions": "10.0.10",
          "Microsoft.Extensions.DependencyInjection.Abstractions": "10.0.10",
          "Microsoft.Extensions.Diagnostics.Abstractions": "10.0.10",
          "Microsoft.Extensions.FileProviders.Abstractions": "10.0.10",
          "Microsoft.Extensions.Logging.Abstractions": "10.0.10"
        }
      },
      "Microsoft.Extensions.Http": {
        "type": "Transitive",
        "resolved": "3.1.9",
        "contentHash": "sRyrkBJGS+8ucKak+RmAPkAiIm6amA5ztpIkp0zrPn5+kDX2j8XJdRARr4Eh003RIGQxzvNGQ+j/voAhlPoXyw==",
        "dependencies": {
          "Microsoft.Extensions.DependencyInjection.Abstractions": "3.1.9",
          "Microsoft.Extensions.Logging": "3.1.9",
          "Microsoft.Extensions.Options": "3.1.9"
        }
      },
      "Microsoft.Extensions.Logging": {
        "type": "Transitive",
        "resolved": "10.0.0",
        "contentHash": "BStFkd5CcnEtarlcgYDBcFzGYCuuNMzPs02wN3WBsOFoYIEmYoUdAiU+au6opzoqfTYJsMTW00AeqDdnXH2CvA==",
        "dependencies": {
          "Microsoft.Extensions.DependencyInjection": "10.0.0",
          "Microsoft.Extensions.Logging.Abstractions": "10.0.0",
          "Microsoft.Extensions.Options": "10.0.0"
        }
      },
      "Microsoft.Extensions.Logging.Abstractions": {
        "type": "Transitive",
        "resolved": "10.0.12",
        "contentHash": "+24lC4plfbEDNfLAdTV/SWKS7dW+16X4HdydO3R++134kSNTzcbYA4KpR1Hdh6uWisB8Za3AzwyOn+K+NxWIug==",
        "dependencies": {
          "Microsoft.Extensions.DependencyInjection.Abstractions": "10.0.12"
        }
      },
      "Microsoft.Extensions.Logging.Configuration": {
        "type": "Transitive",
        "resolved": "10.0.0",
        "contentHash": "j8zcwhS6bYB6FEfaY3nYSgHdpiL2T+/V3xjpHtslVAegyI1JUbB9yAt/BFdvZdsNbY0Udm4xFtvfT/hUwcOOOg==",
        "dependencies": {
          "Microsoft.Extensions.Configuration": "10.0.0",
          "Microsoft.Extensions.Configuration.Abstractions": "10.0.0",
          "Microsoft.Extensions.Configuration.Binder": "10.0.0",
          "Microsoft.Extensions.DependencyInjection.Abstractions": "10.0.0",
          "Microsoft.Extensions.Logging": "10.0.0",
          "Microsoft.Extensions.Logging.Abstractions": "10.0.0",
          "Microsoft.Extensions.Options": "10.0.0",
          "Microsoft.Extensions.Options.ConfigurationExtensions": "10.0.0"
        }
      },
      "Microsoft.Extensions.ObjectPool": {
        "type": "Transitive",
        "resolved": "8.0.10",
        "contentHash": "u7gAG7JgxF8VSJUGPSudAcPxOt+ymJKQCSxNRxiuKV+klCQbHljQR75SilpedCTfhPWDhtUwIJpnDVtspr9nMg=="
      },
      "Microsoft.Extensions.Options": {
        "type": "Transitive",
        "resolved": "10.0.10",
        "contentHash": "srnhnk7nE8krBiIXp71LvBmKBtraBONWSRzdjJgRv1Ko9Mp8IVNqv4vIS9hGeVteBig8aQkva9ZG+sC+o5sVcA==",
        "dependencies": {
          "Microsoft.Extensions.DependencyInjection.Abstractions": "10.0.10",
          "Microsoft.Extensions.Primitives": "10.0.10"
        }
      },
      "Microsoft.Extensions.Options.ConfigurationExtensions": {
        "type": "Transitive",
        "resolved": "10.0.0",
        "contentHash": "tL9cSl3maS5FPzp/3MtlZI21ExWhni0nnUCF8HY4npTsINw45n9SNDbkKXBMtFyUFGSsQep25fHIDN4f/Vp3AQ==",
        "dependencies": {
          "Microsoft.Extensions.Configuration.Abstractions": "10.0.0",
          "Microsoft.Extensions.Configuration.Binder": "10.0.0",
          "Microsoft.Extensions.DependencyInjection.Abstractions": "10.0.0",
          "Microsoft.Extensions.Options": "10.0.0",
          "Microsoft.Extensions.Primitives": "10.0.0"
        }
      },
      "Microsoft.Extensions.Primitives": {
        "type": "Transitive",
        "resolved": "10.0.10",
        "contentHash": "5wu/GrYVd8mG2DVUw3vFJzF+O336TyTGg/Kmcgw9bfwYhCoFiV5lR5QeEmKecJyrW4W54nMfD3p3589E8a7czQ=="
      },
      "Microsoft.Identity.Client": {
        "type": "Transitive",
        "resolved": "4.84.2",
        "contentHash": "Va9FjmABSgj/lcUfHH0pBNQkmS7SNyepz2ERV7Yynp6QgEYpFdSqR6Vzy1WWipN8GS5pBHuXoZbqaDWuARCrHQ==",
        "dependencies": {
          "Microsoft.IdentityModel.Abstractions": "8.14.0"
        }
      },
      "Microsoft.Identity.Client.Extensions.Msal": {
        "type": "Transitive",
        "resolved": "4.84.2",
        "contentHash": "+D98LaU3dOu/Nzs6kgbBJapMvH7iwYcAeC99XwSkpmEadsPv6rozecOl9P6m4A3RfpOuPt9e6J6TwwUUp3+M4w==",
        "dependencies": {
          "Microsoft.Identity.Client": "4.84.2",
          "System.Security.Cryptography.ProtectedData": "4.5.0"
        }
      },
      "Microsoft.IdentityModel.Abstractions": {
        "type": "Transitive",
        "resolved": "8.14.0",
        "contentHash": "iwbCpSjD3ehfTwBhtSNEtKPK0ICun6ov7Ibx6ISNA9bfwIyzI2Siwyi9eJFCJBwxowK9xcA1mj+jBWiigeqgcQ=="
      },
      "Microsoft.PowerPlatform.Dataverse.Client.Dynamics": {
        "type": "Transitive",
        "resolved": "1.2.27",
        "contentHash": "SnyrKSjSOPGmeIuqKoHPcawl+UVhScpGz4T/F35euptQKm17/MLsWarYRASIPWAwdtoLvjKIia/aKAtYf0jDiw==",
        "dependencies": {
          "Microsoft.PowerPlatform.Dataverse.Client": "1.2.3"
        }
      },
      "Microsoft.SourceLink.Common": {
        "type": "Transitive",
        "resolved": "10.0.401",
        "contentHash": "u3rLxIwi/9MqDFaWGE/QQgLR1NBEzLOW2lv5+9OrZPDBYIAmFdYSWCWrR1ufpXWOqFn+x02TgKropl/oDuHmgA=="
      },
      "Microsoft.VisualStudio.Threading.Analyzers": {
        "type": "Transitive",
        "resolved": "17.14.15",
        "contentHash": "mXQPJsbuUD2ydq4/ffd8h8tSOFCXec+2xJOVNCvXjuMOq/+5EKHq3D2m2MC2+nUaXeFMSt66VS/J4HdKBixgcw=="
      },
      "Microsoft.Win32.SystemEvents": {
        "type": "Transitive",
        "resolved": "6.0.0",
        "contentHash": "hqTM5628jSsQiv+HGpiq3WKBl2c8v1KZfby2J6Pr7pEPlK9waPdgEO6b8A/+/xn/yZ9ulv8HuqK71ONy2tg67A=="
      },
      "Newtonsoft.Json": {
        "type": "Transitive",
        "resolved": "13.0.3",
        "contentHash": "HrC5BXdl00IP9zeV+0Z848QWPAoCr9P3bDEZguI+gkLcBKAOxix/tLEAAHC+UvDNPv4a2d18lOReHMOagPa+zQ=="
      },
      "NuGet.Common": {
        "type": "Transitive",
        "resolved": "7.9.0",
        "contentHash": "OWFEzHpwvgzSaHYmWzfbyTm6oBOy/BFSFEDk73zM9jiJaxdopYZ/DrqIQogaM3F+ZGTppBJffmzu5adetEI/YA==",
        "dependencies": {
          "NuGet.Frameworks": "7.9.0"
        }
      },
      "NuGet.Configuration": {
        "type": "Transitive",
        "resolved": "7.9.0",
        "contentHash": "oY9XZp+TWjOmiGmU4R4JWBRY3F4TAVo7tqPr/z7MOsFcEpdYHMryjNSscoLBxUTR3WmFmYgO0Gvu4eRbz6pzOg==",
        "dependencies": {
          "NuGet.Common": "7.9.0",
          "System.Security.Cryptography.ProtectedData": "8.0.0"
        }
      },
      "NuGet.Frameworks": {
        "type": "Transitive",
        "resolved": "7.9.0",
        "contentHash": "w2adPmgUafmW9ON1MzDjuHmViN0vtiPV48Dz3OE6px8BiGSqrnWHOjwFEPOEPAZx20J1c7bxp90Hxo9l4xGWtw=="
      },
      "NuGet.Packaging": {
        "type": "Transitive",
        "resolved": "7.9.0",
        "contentHash": "Q2jxuud5kJLV0rUzsC02iC5ts8QsQu9UVyMvF8lULY3TwHL/W/PrnQ9bQFvMR7jJkzF1uilRPI1o+7VOtc2XMg==",
        "dependencies": {
          "Newtonsoft.Json": "13.0.3",
          "NuGet.Configuration": "7.9.0",
          "NuGet.Versioning": "7.9.0",
          "System.Security.Cryptography.Pkcs": "8.0.1"
        }
      },
      "NuGet.Versioning": {
        "type": "Transitive",
        "resolved": "7.9.0",
        "contentHash": "r4sZuVpVqwSBLe4qYDrnpScqdyctlRXg0HSF5OoCGkeBc8b+o8BBYHuI/u1RoWYX78PbieijU13TBt71/Xf3lw=="
      },
      "OpenTelemetry.Api": {
        "type": "Transitive",
        "resolved": "1.19.1",
        "contentHash": "9JKIH+xrV0HNTFjQC8zrx9gZpDOMEljN5Htg/U0VE2IvO3N+7bKALCCsGy5tp09marX5dd8UkrgQFoLaulIBRw=="
      },
      "OpenTelemetry.Api.ProviderBuilderExtensions": {
        "type": "Transitive",
        "resolved": "1.19.1",
        "contentHash": "HtGe72B/IhzKqdU0a3fNE5osax/Cegwxd+p4u6lOFy20nsgmeaFuP2NRyFs1WvrOv/bpkII3IvvBkKoZXG8BLg==",
        "dependencies": {
          "Microsoft.Extensions.DependencyInjection.Abstractions": "10.0.0",
          "OpenTelemetry.Api": "1.19.1"
        }
      },
      "OpenTelemetry.Extensions.Hosting": {
        "type": "Transitive",
        "resolved": "1.18.0",
        "contentHash": "u+JMA82H65MKwMvd2qUpL8C2qE4Jux2nvX9hmy036UK/Apv2YyIRYCttF/vlX6nMPcAKI8BXkscmL4QG3C69fw==",
        "dependencies": {
          "Microsoft.Extensions.Hosting.Abstractions": "10.0.0",
          "OpenTelemetry": "1.18.0"
        }
      },
      "OpenTelemetry.PersistentStorage.Abstractions": {
        "type": "Transitive",
        "resolved": "1.1.1",
        "contentHash": "tsZtLJZZNYf7HIZZGm/DcYdQWKye0shFoekx59TkSkmXPB0u8bUXJZMYsdDIId+nyXcwTFdBlv5z0SQHOp+Xxg=="
      },
      "OpenTelemetry.PersistentStorage.FileSystem": {
        "type": "Transitive",
        "resolved": "1.1.1",
        "contentHash": "f66+dhmMQgs4uYN+IbssgGRiINyw639CPWIPHt0+92Jq/VewNm7uZ/sSxQpWVorY/rmvDxfNqL1vzLebfZcczw==",
        "dependencies": {
          "OpenTelemetry.PersistentStorage.Abstractions": "1.1.1"
        }
      },
      "Parlot": {
        "type": "Transitive",
        "resolved": "1.5.2",
        "contentHash": "idEOR6WU8WvnaDhFcj9PkWv8r/Actca8KfV9kw94//QEC0iQJVB9w/Z4ZLY8LxwSVMuNPuuLB649kCcVb+HrLw=="
      },
      "Sarif.Sdk": {
        "type": "Transitive",
        "resolved": "5.7.0",
        "contentHash": "UVBzw+EDLcdj0DLyxypTtGiNqaP3+Zm3RAP3rHoo20jaEzKv9JFvBLOq6chjV9IuKEGcDMgFnB1D+4DmSLjU8w==",
        "dependencies": {
          "Microsoft.Diagnostics.Tracing.EventRegister": "1.1.28",
          "Microsoft.Diagnostics.Tracing.TraceEvent": "3.1.3",
          "Newtonsoft.Json": "13.0.3"
        }
      },
      "SonarAnalyzer.CSharp": {
        "type": "Transitive",
        "resolved": "10.16.0.128591",
        "contentHash": "W/jZGbsMFvnTY112Ab2WZArzWtkGQuMrQdromFpDak+GO/DKcgn4O2tTun/fQgDBpnQJOyyTdzQrQPzPJ544jg=="
      },
      "Spectre.Console": {
        "type": "Transitive",
        "resolved": "0.57.2",
        "contentHash": "wzsB+P9i6F9G+cFOJxRotCiQWNSzZVAMxi8YMiHlGXXU1JLMXGp7zSSqBMmROZS2bzpK5jk+Saa7Evp8HwqhKg==",
        "dependencies": {
          "Spectre.Console.Ansi": "0.57.2"
        }
      },
      "Spectre.Console.Ansi": {
        "type": "Transitive",
        "resolved": "0.57.2",
        "contentHash": "Y1+u73shwP+JYHmrkdN6bSt2kaGBEAafhi2nrecczbXdFRey+k7J/WF9YPfcB0rqivv2S8fmif6FSBq9m/AFvw=="
      },
      "System.ClientModel": {
        "type": "Transitive",
        "resolved": "1.15.0",
        "contentHash": "y6zQLInrpX+oGL1gXM04DrUSu1O1esWxt4rD/zrujTnzIFChn/noD1OiVVpTrU8ZvglwqO2Uw038svUR3SiAOg==",
        "dependencies": {
          "Microsoft.Extensions.Configuration.Abstractions": "10.0.9",
          "Microsoft.Extensions.Hosting.Abstractions": "10.0.9",
          "Microsoft.Extensions.Logging.Abstractions": "10.0.9",
          "System.Memory.Data": "10.0.9"
        }
      },
      "System.Configuration.ConfigurationManager": {
        "type": "Transitive",
        "resolved": "6.0.0",
        "contentHash": "7T+m0kDSlIPTHIkPMIu6m6tV6qsMqJpvQWW2jIc2qi7sn40qxFo0q+7mEQAhMPXZHMKnWrnv47ntGlM/ejvw3g==",
        "dependencies": {
          "System.Security.Cryptography.ProtectedData": "6.0.0",
          "System.Security.Permissions": "6.0.0"
        }
      },
      "System.Drawing.Common": {
        "type": "Transitive",
        "resolved": "6.0.0",
        "contentHash": "NfuoKUiP2nUWwKZN6twGqXioIe1zVD0RIj2t976A+czLHr2nY454RwwXs6JU9Htc6mwqL6Dn/nEL3dpVf2jOhg==",
        "dependencies": {
          "Microsoft.Win32.SystemEvents": "6.0.0"
        }
      },
      "System.IO.Hashing": {
        "type": "Transitive",
        "resolved": "10.0.12",
        "contentHash": "jDix4bBMYnpZdSPcnY+KDV6ik3SRMzpMKby/bZl/XUwIiflwRNAFZ0oOl61R/pSaveIJ8t1gs2BUlrGsPs/bcg=="
      },
      "System.IO.Packaging": {
        "type": "Transitive",
        "resolved": "10.0.2",
        "contentHash": "JTpM4z0wpoIHHDvlCU27HsXo+zVnpWib94HXQpzzr+jc/P9NYf4w353AK4MXyGq/grm1mbLi7eXsOsDU8sGmNg=="
      },
      "System.Memory.Data": {
        "type": "Transitive",
        "resolved": "10.0.10",
        "contentHash": "roR+5AeOpflUxJQlqSfsZs/Bvi1uw4KBuTkIgF1e8l0RdalG4AUn84+sjJLclEfOV85gAjc8+Pp540qjDE5UIg=="
      },
      "System.Reflection.MetadataLoadContext": {
        "type": "Transitive",
        "resolved": "10.0.12",
        "contentHash": "+DWu1fzj75I1FgdHSg3crgeZmfF2z55x1+OXF2IO2Lcq/iNgM9tL734pxAG0vo5iE82FVPHwbqUt31o8ipPBWg=="
      },
      "System.Reflection.TypeExtensions": {
        "type": "Transitive",
        "resolved": "4.7.0",
        "contentHash": "VybpaOQQhqE6siHppMktjfGBw1GCwvCqiufqmP8F1nj7fTUNtW35LOEt3UZTEsECfo+ELAl/9o9nJx3U91i7vA=="
      },
      "System.Runtime.Caching": {
        "type": "Transitive",
        "resolved": "4.7.0",
        "contentHash": "NdvNRjTPxYvIEhXQszT9L9vJhdQoX6AQ0AlhjTU+5NqFQVuacJTfhPVAvtGWNA2OJCqRiR/okBcZgMwI6MqcZg==",
        "dependencies": {
          "System.Configuration.ConfigurationManager": "4.7.0"
        }
      },
      "System.Security.Cryptography.Pkcs": {
        "type": "Transitive",
        "resolved": "8.0.1",
        "contentHash": "CoCRHFym33aUSf/NtWSVSZa99dkd0Hm7OCZUxORBjRB16LNhIEOf8THPqzIYlvKM0nNDAPTRBa1FxEECrgaxxA=="
      },
      "System.Security.Cryptography.ProtectedData": {
        "type": "Transitive",
        "resolved": "8.0.0",
        "contentHash": "+TUFINV2q2ifyXauQXRwy4CiBhqvDEDZeVJU7qfxya4aRYOKzVBpN+4acx25VcPB9ywUN6C0n8drWl110PhZEg=="
      },
      "System.Security.Cryptography.Xml": {
        "type": "Transitive",
        "resolved": "8.0.2",
        "contentHash": "aDM/wm0ZGEZ6ZYJLzgqjp2FZdHbDHh6/OmpGfb7AdZ105zYmPn/83JRU2xLIbwgoNz9U1SLUTJN0v5th3qmvjA==",
        "dependencies": {
          "System.Security.Cryptography.Pkcs": "8.0.1"
        }
      },
      "System.Security.Permissions": {
        "type": "Transitive",
        "resolved": "6.0.0",
        "contentHash": "T/uuc7AklkDoxmcJ7LGkyX1CcSviZuLCa4jg3PekfJ7SU0niF0IVTXwUiNVP9DSpzou2PpxJ+eNY2IfDM90ZCg==",
        "dependencies": {
          "System.Windows.Extensions": "6.0.0"
        }
      },
      "System.ServiceModel.Http": {
        "type": "Transitive",
        "resolved": "8.1.2",
        "contentHash": "2HoneRUCHB8kKQcuAladR16mIHuyi5f9DrrNnTjkaICv5X7YuwoI7GSrp9GTkRSxC4ddNcjMdwE01Rm0sPgoMw==",
        "dependencies": {
          "System.ServiceModel.Primitives": "8.1.2"
        }
      },
      "System.ServiceModel.Primitives": {
        "type": "Transitive",
        "resolved": "8.1.2",
        "contentHash": "xlJ07FAUSDjPL/GhvVY1/KVPWn2ce056X4nHPwqAa5rkNLiNN5rqh6VcgMUoF6J7ckwhkVJ1vVx/K/47nyyR9g==",
        "dependencies": {
          "Microsoft.Extensions.ObjectPool": "8.0.10",
          "System.Security.Cryptography.Xml": "8.0.2"
        }
      },
      "System.Windows.Extensions": {
        "type": "Transitive",
        "resolved": "6.0.0",
        "contentHash": "IXoJOXIqc39AIe+CIR7koBtRGMiCt/LPM3lI+PELtDIy9XdyeSrwXFdWV9dzJ2Awl0paLWUaknLxFQ5HpHZUog==",
        "dependencies": {
          "System.Drawing.Common": "6.0.0"
        }
      },
      "TimeZoneConverter": {
        "type": "Transitive",
        "resolved": "7.2.0",
        "contentHash": "4Poqu79dTmacVETqUJ53g3x4U21V/cmWPSlehdsVE4Q00akavvlRq+SRjcg/CmfO9ibOCjRl6TeUV7hkC5RC4w=="
      },
      "dgt.power.analyzer": {
        "type": "Project",
        "dependencies": {
          "CsvHelper": "[33.1.0, )",
          "dgt.power.common": "[3.0.0-beta.7, )"
        }
      },
      "dgt.power.codegeneration": {
        "type": "Project",
        "dependencies": {
          "Fluid.Core": "[2.40.0, )",
          "Microsoft.PowerPlatform.Dataverse.Client": "[1.2.27, )",
          "Microsoft.PowerPlatform.Dataverse.Client.Dynamics": "[1.2.27, )",
          "Spectre.Console.Cli": "[0.57.2, )",
          "dgt.power.common": "[3.0.0-beta.7, )"
        }
      },
      "dgt.power.common": {
        "type": "Project",
        "dependencies": {
          "Azure.Identity": "[1.21.0, )",
          "Microsoft.Extensions.Logging.Abstractions": "[10.0.12, )",
          "Microsoft.Identity.Client.Extensions.Msal": "[4.84.2, )",
          "Microsoft.PowerPlatform.Dataverse.Client": "[1.2.27, )",
          "Spectre.Console.Cli": "[0.57.2, )"
        }
      },
      "dgt.power.connection": {
        "type": "Project",
        "dependencies": {
          "dgt.power.common": "[3.0.0-beta.7, )"
        }
      },
      "dgt.power.export": {
        "type": "Project",
        "dependencies": {
          "dgt.power.common": "[3.0.0-beta.7, )"
        }
      },
      "dgt.power.import": {
        "type": "Project",
        "dependencies": {
          "DocumentFormat.OpenXml": "[3.5.1, )",
          "dgt.power.common": "[3.0.0-beta.7, )"
        }
      },
      "dgt.power.maintenance": {
        "type": "Project",
        "dependencies": {
          "dgt.power.common": "[3.0.0-beta.7, )"
        }
      },
      "dgt.power.plugin": {
        "type": "Project",
        "dependencies": {
          "NuGet.Packaging": "[7.9.0, )",
          "System.Reflection.MetadataLoadContext": "[10.0.12, )",
          "dgt.power.common": "[3.0.0-beta.7, )"
        }
      },
      "dgt.power.solution": {
        "type": "Project",
        "dependencies": {
          "Sarif.Sdk": "[5.7.0, )",
          "dgt.power.common": "[3.0.0-beta.7, )"
        }
      },
      "dgt.power.webresource": {
        "type": "Project",
        "dependencies": {
          "Microsoft.PowerPlatform.Dataverse.Client": "[1.2.27, )",
          "Spectre.Console.Cli": "[0.57.2, )",
          "dgt.power.common": "[3.0.0-beta.7, )"
        }
      }
    }
  }
}