{
  "version": 1,
  "dependencies": {
    "net10.0": {
      "Microsoft.Extensions.Configuration.CommandLine": {
        "type": "Direct",
        "requested": "[10.0.3, )",
        "resolved": "10.0.3",
        "contentHash": "qVytXuCHQCIJcOsJJnp+1mNCAtiWuLqI0qhCcByFuyxDifthefEWX3fVAXbaxn1lDP2iR1KH44Oq7tvmT7dBHg==",
        "dependencies": {
          "Microsoft.Extensions.Configuration": "10.0.3",
          "Microsoft.Extensions.Configuration.Abstractions": "10.0.3"
        }
      },
      "Microsoft.Extensions.Configuration.EnvironmentVariables": {
        "type": "Direct",
        "requested": "[10.0.3, )",
        "resolved": "10.0.3",
        "contentHash": "jBm6bpc5OM2VHM/QYVUyD78xweFzble6UsIt7GUnQAwCm07hktFaUBtRfO7viLGg5qPbc4ByteNB7DeVAYNSfA==",
        "dependencies": {
          "Microsoft.Extensions.Configuration": "10.0.3",
          "Microsoft.Extensions.Configuration.Abstractions": "10.0.3"
        }
      },
      "Microsoft.Extensions.Configuration.Json": {
        "type": "Direct",
        "requested": "[10.0.3, )",
        "resolved": "10.0.3",
        "contentHash": "mGGMOA9nkET8OVsQfS41o66eWkckBzNHJK6+5VbLQ2YdyqKphcv27uDZxLf4exSl+5QxLnHkN+W/4qEDgyvCPA==",
        "dependencies": {
          "Microsoft.Extensions.Configuration": "10.0.3",
          "Microsoft.Extensions.Configuration.Abstractions": "10.0.3",
          "Microsoft.Extensions.Configuration.FileExtensions": "10.0.3",
          "Microsoft.Extensions.FileProviders.Abstractions": "10.0.3"
        }
      },
      "Microsoft.PowerPlatform.Dataverse.Client": {
        "type": "Direct",
        "requested": "[1.2.10, )",
        "resolved": "1.2.10",
        "contentHash": "xfDmNDWeje1Vc17GHCDfymXe2sL6sz2NlyZfCmz0KOPT8353QLc+FrNt85+lfEx7NIbpYuw1ZzOYOeDFu8doEw==",
        "dependencies": {
          "Microsoft.Extensions.Caching.Memory": "3.1.8",
          "Microsoft.Extensions.DependencyInjection": "3.1.8",
          "Microsoft.Extensions.Http": "3.1.8",
          "Microsoft.Extensions.Logging": "3.1.8",
          "Microsoft.Identity.Client": "4.66.1",
          "Microsoft.Identity.Client.Extensions.Msal": "4.66.1",
          "Newtonsoft.Json": "13.0.1",
          "System.Configuration.ConfigurationManager": "6.0.0",
          "System.Reflection.TypeExtensions": "4.7.0",
          "System.Runtime.Caching": "4.7.0",
          "System.Security.Permissions": "6.0.0",
          "System.ServiceModel.Http": "8.1.2",
          "System.ServiceModel.Primitives": "8.1.2"
        }
      },
      "Microsoft.SourceLink.GitHub": {
        "type": "Direct",
        "requested": "[10.0.103, )",
        "resolved": "10.0.103",
        "contentHash": "qZk7r40ftpZY+/sO019sgWAWfNqC2CLSspDdAxNYCJU/bCi/8jVwvOMjzb/d5gjCRNzQ4OCYgBfhdpQyVwLTyw==",
        "dependencies": {
          "Microsoft.Build.Tasks.Git": "10.0.103",
          "Microsoft.SourceLink.Common": "10.0.103"
        }
      },
      "NuGet.Protocol": {
        "type": "Direct",
        "requested": "[7.3.0, )",
        "resolved": "7.3.0",
        "contentHash": "QWx4Fko06Act+gVhB9UUc8Hzt0fnA8qQhD5SFn/xEis2ZZVzmatHmMdsc0SV7tyvCUlfG8DzQzYLF7fF4LvTyA==",
        "dependencies": {
          "NuGet.Packaging": "7.3.0"
        }
      },
      "Spectre.Console.Cli": {
        "type": "Direct",
        "requested": "[0.53.1, )",
        "resolved": "0.53.1",
        "contentHash": "y//7ZZ0shhvgXzoJXJzMaLGA4dPem8qCbkyv9khfE8NQDlH4hPVsHOHYoz6uzAwiTX9Yd7OnX3wNOX/wRfPUOg==",
        "dependencies": {
          "Spectre.Console": "0.53.1"
        }
      },
      "CsvHelper": {
        "type": "Transitive",
        "resolved": "33.1.0",
        "contentHash": "kqfTOZGrn7NarNeXgjh86JcpTHUoeQDMB8t9NVa/ZtlSYiV1rxfRnQ49WaJsob4AiGrbK0XDzpyKkBwai4F8eg=="
      },
      "dgt.registration": {
        "type": "Transitive",
        "resolved": "1.0.1",
        "contentHash": "K7+HJNbRcQ1OmSi7c9pZPM5/9daq2E03faHpNlUCV88qeFz5mv01Vuxu/FBYKZyTOpupM/r4dF0w6bYQ+AzIQA=="
      },
      "DocumentFormat.OpenXml": {
        "type": "Transitive",
        "resolved": "3.4.1",
        "contentHash": "iM7k4Spo6ZxxudxLVGcvFLIcF6XJ65aOAsJ24o75CaKGBTuj33cL1O7qnGkQW0+ONOUFff+mWafpZYaa7rNBbg==",
        "dependencies": {
          "DocumentFormat.OpenXml.Framework": "3.4.1"
        }
      },
      "DocumentFormat.OpenXml.Framework": {
        "type": "Transitive",
        "resolved": "3.4.1",
        "contentHash": "H7l8l84uRb+LTjijpe6PuVDlIDM28s7f//zxss6f1yK1qnaxAEZwRecPkjfE3vjFM7QZ7X4XGF4nicnIynJrBw==",
        "dependencies": {
          "System.IO.Packaging": "8.0.1"
        }
      },
      "Fluid.Core": {
        "type": "Transitive",
        "resolved": "2.31.0",
        "contentHash": "HowYbawChrOQLgbezHp/pKY3TUdkNwrpz4CE9z2QHvx4769JXP5IjurpoPGFfz+73RcxxC04niukIXjygAYIzw==",
        "dependencies": {
          "Microsoft.Extensions.FileProviders.Abstractions": "9.0.0",
          "Parlot": "1.5.2",
          "TimeZoneConverter": "7.2.0"
        }
      },
      "Microsoft.AspNetCore.Cryptography.Internal": {
        "type": "Transitive",
        "resolved": "9.0.13",
        "contentHash": "ra3t0BUYwV15soQ//revlaBtpPDrnDDppMFgoi5zriXhCChHNsmDzA8ISb3yVd9V44pSigoTlQRWXxXrgf9fwA=="
      },
      "Microsoft.AspNetCore.DataProtection": {
        "type": "Transitive",
        "resolved": "9.0.13",
        "contentHash": "+PS7DM+Jk7f0YuJOBsAcB4ySDFUEfHbhTjfGvazVajpUPGHS8Cpr64tqSilpKhtob2+76h6lr7E/At8ncw+qbA==",
        "dependencies": {
          "Microsoft.AspNetCore.Cryptography.Internal": "9.0.13",
          "Microsoft.AspNetCore.DataProtection.Abstractions": "9.0.13",
          "Microsoft.Extensions.DependencyInjection.Abstractions": "9.0.13",
          "Microsoft.Extensions.Hosting.Abstractions": "9.0.13",
          "Microsoft.Extensions.Logging.Abstractions": "9.0.13",
          "Microsoft.Extensions.Options": "9.0.13",
          "System.Security.Cryptography.Xml": "9.0.13"
        }
      },
      "Microsoft.AspNetCore.DataProtection.Abstractions": {
        "type": "Transitive",
        "resolved": "9.0.13",
        "contentHash": "qHtzQ9zCrUzcC1fDx8Qgo8vhiSHf64+BROZQRASToR10sTWhPU0bGxD+kUeWR1hcFdzfA9XYspZnl6ReHUP/xQ=="
      },
      "Microsoft.AspNetCore.DataProtection.Extensions": {
        "type": "Transitive",
        "resolved": "9.0.13",
        "contentHash": "3s9Y2xXIdq3NAWez45l8HGDWMNgTbVhbQGJMJN4xCyywhZ9fDydvFNluiPqG5493t6QMHKbxV0QumF52zxnp7w==",
        "dependencies": {
          "Microsoft.AspNetCore.DataProtection": "9.0.13",
          "Microsoft.Extensions.DependencyInjection": "9.0.13"
        }
      },
      "Microsoft.Build.Tasks.Git": {
        "type": "Transitive",
        "resolved": "10.0.103",
        "contentHash": "QoiCMcPuxC6eqRQmrmF9zBY96ejIznXtve/lJJbonGD9I5Aygf2AUCOWslGiCEtBbfWRSuUnepBjuuVOdAl5ag=="
      },
      "Microsoft.CodeAnalysis.Analyzers": {
        "type": "Transitive",
        "resolved": "3.3.2",
        "contentHash": "7xt6zTlIEizUgEsYAIgm37EbdkiMmr6fP6J9pDoKEpiGM4pi32BCPGr/IczmSJI9Zzp0a6HOzpr9OvpMP+2veA=="
      },
      "Microsoft.CodeAnalysis.Common": {
        "type": "Transitive",
        "resolved": "4.0.1",
        "contentHash": "SMREwaVD5SzatlWhh9aahQAtSWdb63NcE//f+bQzgHSECU6xtDtaxk0kwV+asdFfr6HtW38UeO6jvqdfzudg3w==",
        "dependencies": {
          "Microsoft.CodeAnalysis.Analyzers": "3.3.2"
        }
      },
      "Microsoft.CodeAnalysis.CSharp": {
        "type": "Transitive",
        "resolved": "4.0.1",
        "contentHash": "Q9RxxydPpUElj/x1/qykDTUGsRoKbJG8H5XUSeMGmMu54fBiuX1xyanom9caa1oQfh5JIW1BgLxobSaWs4WyHQ==",
        "dependencies": {
          "Microsoft.CodeAnalysis.Common": "[4.0.1]"
        }
      },
      "Microsoft.CodeAnalysis.CSharp.Scripting": {
        "type": "Transitive",
        "resolved": "4.0.1",
        "contentHash": "B3Mw2HYEcmN6kh0r4AYL2YRnqYzpjr9dt9t05GRRLa8SWU8y5gIh9yBwRO2VUr+U0Tqxr+mfCTduAhAm2tLIjw==",
        "dependencies": {
          "Microsoft.CodeAnalysis.CSharp": "[4.0.1]",
          "Microsoft.CodeAnalysis.Common": "[4.0.1]",
          "Microsoft.CodeAnalysis.Scripting.Common": "[4.0.1]"
        }
      },
      "Microsoft.CodeAnalysis.Scripting.Common": {
        "type": "Transitive",
        "resolved": "4.0.1",
        "contentHash": "4wr4dtSWoZv8p+jykG7CmiVTLlbbXnphZKQnpVer4figUTL7MMKjuuu7LDUatCvx7NOZxn4CZA6oH6rSwSU6tg==",
        "dependencies": {
          "Microsoft.CodeAnalysis.Common": "[4.0.1]"
        }
      },
      "Microsoft.CodeAnalysis.VisualBasic": {
        "type": "Transitive",
        "resolved": "4.0.1",
        "contentHash": "o67w8S4zO7tQvB0EQeeo7i5uJCT/CrLwnLUWkkbxU2aUsZPGuRd35diuqk7e+vwnfhu27AvNJsr+1Z6EUT+fDA==",
        "dependencies": {
          "Microsoft.CodeAnalysis.Common": "[4.0.1]"
        }
      },
      "Microsoft.Extensions.Caching.Abstractions": {
        "type": "Transitive",
        "resolved": "3.1.8",
        "contentHash": "iBIdKjKa2nR4LdknV2JMSRpJVM5TOca25EckPm6SZQT6HfH8RoHrn9m14GUAkvzE+uOziXRoAwr8YIC6ZOpyXg==",
        "dependencies": {
          "Microsoft.Extensions.Primitives": "3.1.8"
        }
      },
      "Microsoft.Extensions.Caching.Memory": {
        "type": "Transitive",
        "resolved": "3.1.8",
        "contentHash": "u04q7+tgc8l6pQ5HOcr6scgapkQQHnrhpGoCaaAZd24R36/NxGsGxuhSmhHOrQx9CsBLe2CVBN/4CkLlxtnnXw==",
        "dependencies": {
          "Microsoft.Extensions.Caching.Abstractions": "3.1.8",
          "Microsoft.Extensions.DependencyInjection.Abstractions": "3.1.8",
          "Microsoft.Extensions.Logging.Abstractions": "3.1.8",
          "Microsoft.Extensions.Options": "3.1.8"
        }
      },
      "Microsoft.Extensions.Configuration": {
        "type": "Transitive",
        "resolved": "10.0.3",
        "contentHash": "H1Cjv2xmm7O3iAGmFTcnSM0ZhLQ/7SqefmAvSJoT1PbXoxeYc2fo0mCLn2JlVbr9E6YpoU9q/o0fI9neDJB0xQ==",
        "dependencies": {
          "Microsoft.Extensions.Configuration.Abstractions": "10.0.3",
          "Microsoft.Extensions.Primitives": "10.0.3"
        }
      },
      "Microsoft.Extensions.Configuration.Abstractions": {
        "type": "Transitive",
        "resolved": "10.0.3",
        "contentHash": "xVDHL0+SIgemfh95fTO9cGLe17TWv/ZP0n7m01z8X6pzt2DmQpucioWR/mYZA1sRlkWnkXzfl0JweLNWmE9WMg==",
        "dependencies": {
          "Microsoft.Extensions.Primitives": "10.0.3"
        }
      },
      "Microsoft.Extensions.Configuration.Binder": {
        "type": "Transitive",
        "resolved": "3.1.8",
        "contentHash": "l/oqIWRM4YF62mlCOrIKGUOCemsaID/lngK2SZEtpYI8LrktpjPd4QzvENWj5GebbLbqOtsFhF6Ko6dgzmUnBw==",
        "dependencies": {
          "Microsoft.Extensions.Configuration": "3.1.8"
        }
      },
      "Microsoft.Extensions.Configuration.FileExtensions": {
        "type": "Transitive",
        "resolved": "10.0.3",
        "contentHash": "/MLsBbLpwDxsU+7DDNwasf2mKrpMSOWEL377gNZTy5waFkCYvS3GVaLIz6bvikH4rAwHrCOxHw0t/5iCoImYCA==",
        "dependencies": {
          "Microsoft.Extensions.Configuration": "10.0.3",
          "Microsoft.Extensions.Configuration.Abstractions": "10.0.3",
          "Microsoft.Extensions.FileProviders.Abstractions": "10.0.3",
          "Microsoft.Extensions.FileProviders.Physical": "10.0.3",
          "Microsoft.Extensions.Primitives": "10.0.3"
        }
      },
      "Microsoft.Extensions.DependencyInjection": {
        "type": "Transitive",
        "resolved": "9.0.13",
        "contentHash": "TCQIbp1WXPir6PlhXn4N4wc84rA0LEHAYdbJdBOnO2LClzQTok/1YFDu2wTmHvBxDLSDrFZavi1ARnUpmKK12g==",
        "dependencies": {
          "Microsoft.Extensions.DependencyInjection.Abstractions": "9.0.13"
        }
      },
      "Microsoft.Extensions.DependencyInjection.Abstractions": {
        "type": "Transitive",
        "resolved": "9.0.13",
        "contentHash": "HyJoV/UcJr71gPs9ot3GFJG2yyYxoBNTvp48xVJn37FRLeJZithg74aUNZQRCJgk0yG6LbgDlXDJJwG3QFnoyQ=="
      },
      "Microsoft.Extensions.Diagnostics.Abstractions": {
        "type": "Transitive",
        "resolved": "9.0.13",
        "contentHash": "ZJkfyLX8Ta/5bE+oEBPskwQIFCAgdbiNwtGz6jcM9lWmr9fzrCWKvFpydbRpBcupZIIhu2iWhGHNupoAP/7B4A==",
        "dependencies": {
          "Microsoft.Extensions.DependencyInjection.Abstractions": "9.0.13",
          "Microsoft.Extensions.Options": "9.0.13"
        }
      },
      "Microsoft.Extensions.FileProviders.Abstractions": {
        "type": "Transitive",
        "resolved": "10.0.3",
        "contentHash": "4TD9AXDRsipTmaemwnjt/DM5Ri0de2JzHQhvZ4woBTjUtL4XrPNsMrOk5oiLJAx1gTrE6pOIhxv+lEde5F6CZA==",
        "dependencies": {
          "Microsoft.Extensions.Primitives": "10.0.3"
        }
      },
      "Microsoft.Extensions.FileProviders.Physical": {
        "type": "Transitive",
        "resolved": "10.0.3",
        "contentHash": "8qLl5LXtcj6Z8yPbHAA/a57fvvl9nUCdi59AJFuixcWM4wSuENZ8jjoRATOKs/I4vOi/bDe0d5LqGSSLE634eA==",
        "dependencies": {
          "Microsoft.Extensions.FileProviders.Abstractions": "10.0.3",
          "Microsoft.Extensions.FileSystemGlobbing": "10.0.3",
          "Microsoft.Extensions.Primitives": "10.0.3"
        }
      },
      "Microsoft.Extensions.FileSystemGlobbing": {
        "type": "Transitive",
        "resolved": "10.0.3",
        "contentHash": "oM7pl8uJz8WRPRlh4AGQS61aeV9GOfTu89yqTiRSYyyMuCNVkbNra9zEk7ApyJ/sZrUpbjOZCRHuitCEsTWghg=="
      },
      "Microsoft.Extensions.Hosting.Abstractions": {
        "type": "Transitive",
        "resolved": "9.0.13",
        "contentHash": "UQN2ZYfbprLxO4/YHT+uLOr4n1qkGl4BP1kU1JtDMq3dQc7Kg7EytE9L6H9Q4A+kHG8xRv9HggiVhGxUSm0ZKw==",
        "dependencies": {
          "Microsoft.Extensions.Configuration.Abstractions": "9.0.13",
          "Microsoft.Extensions.DependencyInjection.Abstractions": "9.0.13",
          "Microsoft.Extensions.Diagnostics.Abstractions": "9.0.13",
          "Microsoft.Extensions.FileProviders.Abstractions": "9.0.13",
          "Microsoft.Extensions.Logging.Abstractions": "9.0.13"
        }
      },
      "Microsoft.Extensions.Http": {
        "type": "Transitive",
        "resolved": "3.1.8",
        "contentHash": "GRkzBs2wJG6jTGqRrT8l/Sqk4MiO0yQltiekDNw/X7L2l5/gKSud/6Vcjb9b5SPtgn6lxcn8qCmfDtk2kP/cOw==",
        "dependencies": {
          "Microsoft.Extensions.DependencyInjection.Abstractions": "3.1.8",
          "Microsoft.Extensions.Logging": "3.1.8",
          "Microsoft.Extensions.Options": "3.1.8"
        }
      },
      "Microsoft.Extensions.Logging": {
        "type": "Transitive",
        "resolved": "3.1.8",
        "contentHash": "Bch88WGwrgJUabSOiTbPgne/jkCcWTyP97db8GWzQH9RcGi6TThiRm8ggsD+OXBW2UBwAYx1Zb1ns1elsMiomQ==",
        "dependencies": {
          "Microsoft.Extensions.Configuration.Binder": "3.1.8",
          "Microsoft.Extensions.DependencyInjection": "3.1.8",
          "Microsoft.Extensions.Logging.Abstractions": "3.1.8",
          "Microsoft.Extensions.Options": "3.1.8"
        }
      },
      "Microsoft.Extensions.Logging.Abstractions": {
        "type": "Transitive",
        "resolved": "9.0.13",
        "contentHash": "DjxxzZzkQLRJ6d9FLj7n513UvqYREl0ygN//SYA+N4+QWM1UvSJjpv3+zrlIraUyui0NXRbeJSU/hruR7lTw/g==",
        "dependencies": {
          "Microsoft.Extensions.DependencyInjection.Abstractions": "9.0.13"
        }
      },
      "Microsoft.Extensions.ObjectPool": {
        "type": "Transitive",
        "resolved": "8.0.10",
        "contentHash": "u7gAG7JgxF8VSJUGPSudAcPxOt+ymJKQCSxNRxiuKV+klCQbHljQR75SilpedCTfhPWDhtUwIJpnDVtspr9nMg=="
      },
      "Microsoft.Extensions.Options": {
        "type": "Transitive",
        "resolved": "9.0.13",
        "contentHash": "MJ0afZ8YTPr+TQ0qN+vp4U1yqgj3ccIhq/sFkznMX/V/sPadIQuQJRNK9gWXUoJ03AQmAt31TXtSMuRX3IvaUw==",
        "dependencies": {
          "Microsoft.Extensions.DependencyInjection.Abstractions": "9.0.13",
          "Microsoft.Extensions.Primitives": "9.0.13"
        }
      },
      "Microsoft.Extensions.Primitives": {
        "type": "Transitive",
        "resolved": "10.0.3",
        "contentHash": "GEcpTwo7sUoLGGNTqV1FZEuL+tTD9m81NX/mh099dqGNna07/UGZShKQNZRw4hv6nlliSUwYQgSYc7OR99Jufg=="
      },
      "Microsoft.Identity.Client": {
        "type": "Transitive",
        "resolved": "4.66.1",
        "contentHash": "mE+m3pZ7zSKocSubKXxwZcUrCzLflC86IdLxrVjS8tialy0b1L+aECBqRBC/ykcPlB4y7skg49TaTiA+O2UfDw==",
        "dependencies": {
          "Microsoft.IdentityModel.Abstractions": "6.35.0"
        }
      },
      "Microsoft.Identity.Client.Extensions.Msal": {
        "type": "Transitive",
        "resolved": "4.66.1",
        "contentHash": "osgt1J9Rve3LO7wXqpWoFx9UFjl0oeqoUMK/xEru7dvafQ28RgV1A17CoCGCCRSUbgDQ4Arg5FgGK2lQ3lXR4A==",
        "dependencies": {
          "Microsoft.Identity.Client": "4.66.1",
          "System.Security.Cryptography.ProtectedData": "4.5.0"
        }
      },
      "Microsoft.IdentityModel.Abstractions": {
        "type": "Transitive",
        "resolved": "6.35.0",
        "contentHash": "xuR8E4Rd96M41CnUSCiOJ2DBh+z+zQSmyrYHdYhD6K4fXBcQGVnRCFQ0efROUYpP+p0zC1BLKr0JRpVuujTZSg=="
      },
      "Microsoft.PowerFx.Core": {
        "type": "Transitive",
        "resolved": "0.2.1-preview",
        "contentHash": "QOkWk68OYAGYLi7GKHsg3zVaQDPpZiE5fVj60LR6Cjm63dq0iKlhjrzFIhLz4EfWtosL5HVnetRVMwl4YQlqPw==",
        "dependencies": {
          "Microsoft.PowerFx.Transport.Attributes": "0.2.1-preview"
        }
      },
      "Microsoft.PowerFx.Interpreter": {
        "type": "Transitive",
        "resolved": "0.2.1-preview",
        "contentHash": "qhDM6tXBfW2e1smcXK1TiI6jOKa96k/A9gEZpvsr3Bqnx9orxy+BcS4OsjhJV8CcHMcLdKjLmdHlhgB0+VBqlQ==",
        "dependencies": {
          "Microsoft.PowerFx.Core": "0.2.1-preview"
        }
      },
      "Microsoft.PowerFx.Transport.Attributes": {
        "type": "Transitive",
        "resolved": "0.2.1-preview",
        "contentHash": "M3kswDFvhnbW67u5IGIqglA8pUX/PPXmmCulhw1ntLsi4rzAXdXkoG7SLeWUhXP6b3k881f6tDntzp+C4w+ikA=="
      },
      "Microsoft.PowerPlatform.Dataverse.Client.Dynamics": {
        "type": "Transitive",
        "resolved": "1.2.10",
        "contentHash": "4/En3Ecr9tufI1mhsSpZR1z1W1AUouJChrRlHL2oavlo8iDuBuCSSJhkx0IEeNLMco6gB0Alm8DRRDt4H8E9EQ==",
        "dependencies": {
          "Microsoft.PowerPlatform.Dataverse.Client": "1.2.3"
        }
      },
      "Microsoft.SourceLink.Common": {
        "type": "Transitive",
        "resolved": "10.0.103",
        "contentHash": "cMtGW5/r0ck72Jg2QwZcNTX59z+iB/B1kW84VMa/eX8L19DhHIuIcQjfK0pgLLBxd60Jl0Bj9GUolcM0MnJnZA=="
      },
      "Microsoft.Win32.SystemEvents": {
        "type": "Transitive",
        "resolved": "6.0.0",
        "contentHash": "hqTM5628jSsQiv+HGpiq3WKBl2c8v1KZfby2J6Pr7pEPlK9waPdgEO6b8A/+/xn/yZ9ulv8HuqK71ONy2tg67A=="
      },
      "Newtonsoft.Json": {
        "type": "Transitive",
        "resolved": "13.0.3",
        "contentHash": "HrC5BXdl00IP9zeV+0Z848QWPAoCr9P3bDEZguI+gkLcBKAOxix/tLEAAHC+UvDNPv4a2d18lOReHMOagPa+zQ=="
      },
      "Nito.AsyncEx.Tasks": {
        "type": "Transitive",
        "resolved": "5.1.2",
        "contentHash": "jEkCfR2/M26OK/U4G7SEN063EU/F4LiVA06TtpZILMdX/quIHCg+wn31Zerl2LC+u1cyFancjTY3cNAr2/89PA==",
        "dependencies": {
          "Nito.Disposables": "2.2.1"
        }
      },
      "Nito.Disposables": {
        "type": "Transitive",
        "resolved": "2.2.1",
        "contentHash": "6sZ5uynQeAE9dPWBQGKebNmxbY4xsvcc5VplB5WkYEESUS7oy4AwnFp0FhqxTSKm/PaFrFqLrYr696CYN8cugg=="
      },
      "NuGet.Common": {
        "type": "Transitive",
        "resolved": "7.3.0",
        "contentHash": "y+7cQuzc6zePfo3GdueKgFAfE06pyNv1EGeordAMXotm6WEJw/m7UHv7GSLnib2HEPpzUk4Wvxgn9VgWkIe6Yw==",
        "dependencies": {
          "NuGet.Frameworks": "7.3.0"
        }
      },
      "NuGet.Configuration": {
        "type": "Transitive",
        "resolved": "7.3.0",
        "contentHash": "9qNpnZP73pfGm1MYET78OCW/HNnKNZpTfWPB2z/EyxQnfWtJBANeFyogX8s7S+oWMbR+EG2w6jbDVKdvVJfCXA==",
        "dependencies": {
          "NuGet.Common": "7.3.0",
          "System.Security.Cryptography.ProtectedData": "8.0.0"
        }
      },
      "NuGet.Frameworks": {
        "type": "Transitive",
        "resolved": "7.3.0",
        "contentHash": "AnhSFUOrCrWp7pGtqhfOxa5HKm4rfpQxuatGDKzpGtTczasj6OcGVtB74PyqW7osdu9/BtkjnkAYvNk5iT82Gg=="
      },
      "NuGet.Packaging": {
        "type": "Transitive",
        "resolved": "7.3.0",
        "contentHash": "yvmJ8LUPUVMm2DAKSK3+QfJKoCxQR1NuyPYLHqFHb1zmUcGwq+IvSl/4JjUivJDztXnI9GSVlE/SjQLsRJPoYw==",
        "dependencies": {
          "Newtonsoft.Json": "13.0.3",
          "NuGet.Configuration": "7.3.0",
          "NuGet.Versioning": "7.3.0",
          "System.Security.Cryptography.Pkcs": "8.0.1"
        }
      },
      "NuGet.Versioning": {
        "type": "Transitive",
        "resolved": "7.3.0",
        "contentHash": "iOQPAdnVgj2U+K3AcdGGGcdS1tWyh3nvr64eqTDFCsDuHySBXSHRhl7eR8hdc0BZHxDjacRstbuaJKCurt2oPw=="
      },
      "Parlot": {
        "type": "Transitive",
        "resolved": "1.5.2",
        "contentHash": "idEOR6WU8WvnaDhFcj9PkWv8r/Actca8KfV9kw94//QEC0iQJVB9w/Z4ZLY8LxwSVMuNPuuLB649kCcVb+HrLw=="
      },
      "ReflectionMagic": {
        "type": "Transitive",
        "resolved": "4.1.0",
        "contentHash": "5gsbb2VLQVS//2DjyOWztkd1JaT5B4M3qFXs1n40I8E7SEVSP19CEGLT8Gf++d2YB4UkZf4gE+FZ8QWBbG3Dng=="
      },
      "Spectre.Console": {
        "type": "Transitive",
        "resolved": "0.53.1",
        "contentHash": "wNLoytZpc7brgH3V9ZmrRyQqplOQUnNkEu1qSjRnEa0KOGvWAxgdEG6jmFTfyXKzO7p1pTLBHYH+AgxsWi69Cg=="
      },
      "System.CodeDom": {
        "type": "Transitive",
        "resolved": "10.0.3",
        "contentHash": "+G1mBhHJp8taiDcHK1gmckOZ884n9JeIrS1dzFYZhSa8oTiIF+EagIyAyCOQzdBbbES7eb9AkjGBlUZqqoCaeg=="
      },
      "System.Configuration.ConfigurationManager": {
        "type": "Transitive",
        "resolved": "6.0.0",
        "contentHash": "7T+m0kDSlIPTHIkPMIu6m6tV6qsMqJpvQWW2jIc2qi7sn40qxFo0q+7mEQAhMPXZHMKnWrnv47ntGlM/ejvw3g==",
        "dependencies": {
          "System.Security.Cryptography.ProtectedData": "6.0.0",
          "System.Security.Permissions": "6.0.0"
        }
      },
      "System.Drawing.Common": {
        "type": "Transitive",
        "resolved": "6.0.0",
        "contentHash": "NfuoKUiP2nUWwKZN6twGqXioIe1zVD0RIj2t976A+czLHr2nY454RwwXs6JU9Htc6mwqL6Dn/nEL3dpVf2jOhg==",
        "dependencies": {
          "Microsoft.Win32.SystemEvents": "6.0.0"
        }
      },
      "System.IO.Packaging": {
        "type": "Transitive",
        "resolved": "8.0.1",
        "contentHash": "KYkIOAvPexQOLDxPO2g0BVoWInnQhPpkFzRqvNrNrMhVT6kqhVr0zEb6KCHlptLFukxnZrjuMVAnxK7pOGUYrw=="
      },
      "System.Reflection.MetadataLoadContext": {
        "type": "Transitive",
        "resolved": "10.0.3",
        "contentHash": "rlWB/1Phq2mKv3Sbr33K41pyNpP7L7OGL8zEFrGoj32gLopbPmbCOxfcV2NCh5cCVXFVtdI4w3XK0W2b2jcrOA=="
      },
      "System.Reflection.TypeExtensions": {
        "type": "Transitive",
        "resolved": "4.7.0",
        "contentHash": "VybpaOQQhqE6siHppMktjfGBw1GCwvCqiufqmP8F1nj7fTUNtW35LOEt3UZTEsECfo+ELAl/9o9nJx3U91i7vA=="
      },
      "System.Runtime.Caching": {
        "type": "Transitive",
        "resolved": "4.7.0",
        "contentHash": "NdvNRjTPxYvIEhXQszT9L9vJhdQoX6AQ0AlhjTU+5NqFQVuacJTfhPVAvtGWNA2OJCqRiR/okBcZgMwI6MqcZg==",
        "dependencies": {
          "System.Configuration.ConfigurationManager": "4.7.0"
        }
      },
      "System.Security.Cryptography.Pkcs": {
        "type": "Transitive",
        "resolved": "9.0.13",
        "contentHash": "dxJhkuoaelvWy588wPXjShNks+ZMiSgXnN75/u+DPbER5PqKrLPDftE0BvGM7nDK/scQAVlD+gRXlCAAjWi58Q=="
      },
      "System.Security.Cryptography.ProtectedData": {
        "type": "Transitive",
        "resolved": "8.0.0",
        "contentHash": "+TUFINV2q2ifyXauQXRwy4CiBhqvDEDZeVJU7qfxya4aRYOKzVBpN+4acx25VcPB9ywUN6C0n8drWl110PhZEg=="
      },
      "System.Security.Cryptography.Xml": {
        "type": "Transitive",
        "resolved": "9.0.13",
        "contentHash": "TjDoSko5OUEWENv2qHOxGVcG94sREmcPULqTVH/AmEJNtzeIIhRCiqiyzAYc8ys0vcnnWessCAQ6QOfOwYC3Cw==",
        "dependencies": {
          "System.Security.Cryptography.Pkcs": "9.0.13"
        }
      },
      "System.Security.Permissions": {
        "type": "Transitive",
        "resolved": "6.0.0",
        "contentHash": "T/uuc7AklkDoxmcJ7LGkyX1CcSviZuLCa4jg3PekfJ7SU0niF0IVTXwUiNVP9DSpzou2PpxJ+eNY2IfDM90ZCg==",
        "dependencies": {
          "System.Windows.Extensions": "6.0.0"
        }
      },
      "System.ServiceModel.Http": {
        "type": "Transitive",
        "resolved": "8.1.2",
        "contentHash": "2HoneRUCHB8kKQcuAladR16mIHuyi5f9DrrNnTjkaICv5X7YuwoI7GSrp9GTkRSxC4ddNcjMdwE01Rm0sPgoMw==",
        "dependencies": {
          "System.ServiceModel.Primitives": "8.1.2"
        }
      },
      "System.ServiceModel.Primitives": {
        "type": "Transitive",
        "resolved": "8.1.2",
        "contentHash": "xlJ07FAUSDjPL/GhvVY1/KVPWn2ce056X4nHPwqAa5rkNLiNN5rqh6VcgMUoF6J7ckwhkVJ1vVx/K/47nyyR9g==",
        "dependencies": {
          "Microsoft.Extensions.ObjectPool": "8.0.10",
          "System.Security.Cryptography.Xml": "8.0.2"
        }
      },
      "System.Windows.Extensions": {
        "type": "Transitive",
        "resolved": "6.0.0",
        "contentHash": "IXoJOXIqc39AIe+CIR7koBtRGMiCt/LPM3lI+PELtDIy9XdyeSrwXFdWV9dzJ2Awl0paLWUaknLxFQ5HpHZUog==",
        "dependencies": {
          "System.Drawing.Common": "6.0.0"
        }
      },
      "TimeZoneConverter": {
        "type": "Transitive",
        "resolved": "7.2.0",
        "contentHash": "4Poqu79dTmacVETqUJ53g3x4U21V/cmWPSlehdsVE4Q00akavvlRq+SRjcg/CmfO9ibOCjRl6TeUV7hkC5RC4w=="
      },
      "UiPath.Workflow": {
        "type": "Transitive",
        "resolved": "6.0.3",
        "contentHash": "G8jBUz++oMsA6H2EAsFzx/xED0Oi2MrR6q9IXy2ctlex3T0nJvyN73rbffMFI5oyfdVBLElTCBW9qjQNmXj5ew==",
        "dependencies": {
          "Microsoft.CodeAnalysis.CSharp.Scripting": "4.0.1",
          "Microsoft.CodeAnalysis.VisualBasic": "4.0.1",
          "Microsoft.PowerFx.Interpreter": "0.2.1-preview",
          "Nito.AsyncEx.Tasks": "5.1.2",
          "ReflectionMagic": "4.1.0",
          "System.CodeDom": "6.0.0",
          "UiPath.Workflow.Runtime": "6.0.3"
        }
      },
      "UiPath.Workflow.Runtime": {
        "type": "Transitive",
        "resolved": "6.0.3",
        "contentHash": "ZtQirfKcf6XnO+UCNL7QuzFGEp+6UEjfiDaouqpytXxH8blfCaq2m3de+4D4kCnrpl8l1f1S0pfW/N5yAzwy/A=="
      },
      "dgt.power.analyzer": {
        "type": "Project",
        "dependencies": {
          "CsvHelper": "[33.1.0, )",
          "dgt.power.common": "[2.1.0-beta.36, )"
        }
      },
      "dgt.power.codegeneration": {
        "type": "Project",
        "dependencies": {
          "Fluid.Core": "[2.31.0, )",
          "Microsoft.PowerPlatform.Dataverse.Client": "[1.2.10, )",
          "Microsoft.PowerPlatform.Dataverse.Client.Dynamics": "[1.2.10, )",
          "Spectre.Console.Cli": "[0.53.1, )",
          "System.CodeDom": "[10.0.3, )",
          "dgt.power.common": "[2.1.0-beta.36, )"
        }
      },
      "dgt.power.common": {
        "type": "Project",
        "dependencies": {
          "Microsoft.AspNetCore.DataProtection": "[9.0.13, )",
          "Microsoft.AspNetCore.DataProtection.Extensions": "[9.0.13, )",
          "Microsoft.PowerPlatform.Dataverse.Client": "[1.2.10, )",
          "Spectre.Console.Cli": "[0.53.1, )"
        }
      },
      "dgt.power.export": {
        "type": "Project",
        "dependencies": {
          "dgt.power.common": "[2.1.0-beta.36, )"
        }
      },
      "dgt.power.import": {
        "type": "Project",
        "dependencies": {
          "DocumentFormat.OpenXml": "[3.4.1, )",
          "dgt.power.common": "[2.1.0-beta.36, )"
        }
      },
      "dgt.power.maintenance": {
        "type": "Project",
        "dependencies": {
          "dgt.power.common": "[2.1.0-beta.36, )"
        }
      },
      "dgt.power.profile": {
        "type": "Project",
        "dependencies": {
          "dgt.power.common": "[2.1.0-beta.36, )"
        }
      },
      "dgt.power.push": {
        "type": "Project",
        "dependencies": {
          "NuGet.Packaging": "[7.3.0, )",
          "System.Reflection.MetadataLoadContext": "[10.0.3, )",
          "UiPath.Workflow": "[6.0.3, )",
          "dgt.power.common": "[2.1.0-beta.36, )",
          "dgt.registration": "[1.0.1, )"
        }
      }
    }
  }
}